// !$*UTF8*$!
{
	archiveVersion = 1;
	classes = {
	};
	objectVersion = 54;
	objects = {

/* Begin PBXBuildFile section */
		007F31BFDCE8A3EB5FFA7D02 /* RunnerTests.swift in Sources */ = {isa = PBXBuildFile; fileRef = C129A9FB18F81555600E71B3 /* RunnerTests.swift */; };
		34ED2D9264A9484E2CD750EE /* FlutterGeneratedPluginSwiftPackage in Frameworks */ = {isa = PBXBuildFile; productRef = 33360E3DA169C87B0E69EF71 /* FlutterGeneratedPluginSwiftPackage */; };
		426A372096BA95BBD1CDE291 /* NeProtoCore in Frameworks */ = {isa = PBXBuildFile; productRef = C9DB00FF0775379F0B5BCEC5 /* NeProtoCore */; };
		465D87462704A5A561F469BC /* CTunnelFD.c in Sources */ = {isa = PBXBuildFile; fileRef = 49229E6A63151FB52FFBFA35 /* CTunnelFD.c */; };
		56EB3156B13C4C8C5C7B3658 /* PacketTunnel.appex in Embed Foundation Extensions */ = {isa = PBXBuildFile; fileRef = B23BA63841646E33730FF37C /* PacketTunnel.appex */; settings = {ATTRIBUTES = (RemoveHeadersOnCopy, ); }; };
		5D4F83BF151F548ED942EB42 /* SceneDelegate.swift in Sources */ = {isa = PBXBuildFile; fileRef = 2369EE1B891E190DF2D26271 /* SceneDelegate.swift */; };
		95A6A11B29BBFEBF4D19D92C /* NP2Mobile.xcframework in Frameworks */ = {isa = PBXBuildFile; fileRef = 8F7BA39DC088D4A75F1BCCBD /* NP2Mobile.xcframework */; };
		A27A64FA676461FA515E6F61 /* GeneratedPluginRegistrant.m in Sources */ = {isa = PBXBuildFile; fileRef = 7199BA0A3419051F7E68B01E /* GeneratedPluginRegistrant.m */; };
		BD0EF32F2FE988183C908720 /* Main.storyboard in Resources */ = {isa = PBXBuildFile; fileRef = AE2A21C9C9BF6449C319D76B /* Main.storyboard */; };
		C1339C2588354BDC8EBCD812 /* AppDelegate.swift in Sources */ = {isa = PBXBuildFile; fileRef = 9A421681FD4BE14DDF968D0D /* AppDelegate.swift */; };
		DC18D6045664645A1F5E31C1 /* Assets.xcassets in Resources */ = {isa = PBXBuildFile; fileRef = 510043DBEC3442DBC23147B8 /* Assets.xcassets */; };
		E6010F4FDEA806E580315FD4 /* PacketTunnelProvider.swift in Sources */ = {isa = PBXBuildFile; fileRef = E5CA15DC7DC4041E8868AF99 /* PacketTunnelProvider.swift */; };
		ED47C886E0D3B09F3FE9C6DB /* LaunchScreen.storyboard in Resources */ = {isa = PBXBuildFile; fileRef = F62DC64DD9F280581E7BEEC2 /* LaunchScreen.storyboard */; };
/* End PBXBuildFile section */

/* Begin PBXContainerItemProxy section */
		979A20949DB7465AFE66261A /* PBXContainerItemProxy */ = {
			isa = PBXContainerItemProxy;
			containerPortal = 5FC4EA95F23E6A8CF0BD7276 /* Project object */;
			proxyType = 1;
			remoteGlobalIDString = 0CE8B55E2312A581679889BF;
			remoteInfo = Runner;
		};
		9BC9307280C0DE8C9F23E611 /* PBXContainerItemProxy */ = {
			isa = PBXContainerItemProxy;
			containerPortal = 5FC4EA95F23E6A8CF0BD7276 /* Project object */;
			proxyType = 1;
			remoteGlobalIDString = 95160D25C558F5061832C8D3;
			remoteInfo = PacketTunnel;
		};
/* End PBXContainerItemProxy section */

/* Begin PBXCopyFilesBuildPhase section */
		889DE6F8664908D135C720D4 /* Embed Foundation Extensions */ = {
			isa = PBXCopyFilesBuildPhase;
			buildActionMask = 2147483647;
			dstPath = "";
			dstSubfolderSpec = 13;
			files = (
				56EB3156B13C4C8C5C7B3658 /* PacketTunnel.appex in Embed Foundation Extensions */,
			);
			name = "Embed Foundation Extensions";
			runOnlyForDeploymentPostprocessing = 0;
		};
/* End PBXCopyFilesBuildPhase section */

/* Begin PBXFileReference section */
		11B240A653CCF4590B0EA9CC /* Base */ = {isa = PBXFileReference; lastKnownFileType = file.storyboard; name = Base; path = Base.lproj/LaunchScreen.storyboard; sourceTree = "<group>"; };
		1BA5CF54A368DD151691BD9F /* Release.xcconfig */ = {isa = PBXFileReference; lastKnownFileType = text.xcconfig; path = Release.xcconfig; sourceTree = "<group>"; };
		2369EE1B891E190DF2D26271 /* SceneDelegate.swift */ = {isa = PBXFileReference; lastKnownFileType = sourcecode.swift; path = SceneDelegate.swift; sourceTree = "<group>"; };
		2AB6409524E3A2151BAF45CC /* FlutterGeneratedPluginSwiftPackage */ = {isa = PBXFileReference; lastKnownFileType = folder; name = FlutterGeneratedPluginSwiftPackage; path = Flutter/ephemeral/Packages/FlutterGeneratedPluginSwiftPackage; sourceTree = SOURCE_ROOT; };
		407F1634FA1A2D9CF3801182 /* CTunnelFD.h */ = {isa = PBXFileReference; lastKnownFileType = sourcecode.c.h; path = CTunnelFD.h; sourceTree = "<group>"; };
		48E2AFFE9BFB207202AD0539 /* RunnerTests.xctest */ = {isa = PBXFileReference; includeInIndex = 0; lastKnownFileType = wrapper.cfbundle; path = RunnerTests.xctest; sourceTree = BUILT_PRODUCTS_DIR; };
		49229E6A63151FB52FFBFA35 /* CTunnelFD.c */ = {isa = PBXFileReference; lastKnownFileType = sourcecode.c.c; path = CTunnelFD.c; sourceTree = "<group>"; };
		510043DBEC3442DBC23147B8 /* Assets.xcassets */ = {isa = PBXFileReference; lastKnownFileType = folder.assetcatalog; path = Assets.xcassets; sourceTree = "<group>"; };
		610ACADC6746B84139F5257E /* Runner-Bridging-Header.h */ = {isa = PBXFileReference; lastKnownFileType = sourcecode.c.h; path = "Runner-Bridging-Header.h"; sourceTree = "<group>"; };
		694BB823ADF1C3067C48A654 /* Debug.xcconfig */ = {isa = PBXFileReference; lastKnownFileType = text.xcconfig; path = Debug.xcconfig; sourceTree = "<group>"; };
		7199BA0A3419051F7E68B01E /* GeneratedPluginRegistrant.m */ = {isa = PBXFileReference; lastKnownFileType = sourcecode.c.objc; path = GeneratedPluginRegistrant.m; sourceTree = "<group>"; };
		8675EB0B800687D68D206C6C /* Base */ = {isa = PBXFileReference; lastKnownFileType = file.storyboard; name = Base; path = Base.lproj/Main.storyboard; sourceTree = "<group>"; };
		8F7BA39DC088D4A75F1BCCBD /* NP2Mobile.xcframework */ = {isa = PBXFileReference; lastKnownFileType = wrapper.xcframework; name = NP2Mobile.xcframework; path = Frameworks/NP2Mobile.xcframework; sourceTree = "<group>"; };
		9474786E31B24097AFCAAC37 /* PacketTunnel-Bridging-Header.h */ = {isa = PBXFileReference; lastKnownFileType = sourcecode.c.h; path = "PacketTunnel-Bridging-Header.h"; sourceTree = "<group>"; };
		9A421681FD4BE14DDF968D0D /* AppDelegate.swift */ = {isa = PBXFileReference; lastKnownFileType = sourcecode.swift; path = AppDelegate.swift; sourceTree = "<group>"; };
		B23BA63841646E33730FF37C /* PacketTunnel.appex */ = {isa = PBXFileReference; includeInIndex = 0; lastKnownFileType = "wrapper.app-extension"; path = PacketTunnel.appex; sourceTree = BUILT_PRODUCTS_DIR; };
		B2E448C1951CDAF54DC87758 /* Runner.app */ = {isa = PBXFileReference; includeInIndex = 0; lastKnownFileType = wrapper.application; path = Runner.app; sourceTree = BUILT_PRODUCTS_DIR; };
		C129A9FB18F81555600E71B3 /* RunnerTests.swift */ = {isa = PBXFileReference; lastKnownFileType = sourcecode.swift; path = RunnerTests.swift; sourceTree = "<group>"; };
		CCADD925936878B8A72937D8 /* Core */ = {isa = PBXFileReference; lastKnownFileType = folder; name = Core; path = ../../../ios/Core; sourceTree = SOURCE_ROOT; };
		DCDD2D76CA41D41D9DE02D8F /* GeneratedPluginRegistrant.h */ = {isa = PBXFileReference; lastKnownFileType = sourcecode.c.h; path = GeneratedPluginRegistrant.h; sourceTree = "<group>"; };
		E5CA15DC7DC4041E8868AF99 /* PacketTunnelProvider.swift */ = {isa = PBXFileReference; lastKnownFileType = sourcecode.swift; path = PacketTunnelProvider.swift; sourceTree = "<group>"; };
/* End PBXFileReference section */

/* Begin PBXFrameworksBuildPhase section */
		81BE86B1B95CA5C5ADF110CC /* Frameworks */ = {
			isa = PBXFrameworksBuildPhase;
			buildActionMask = 2147483647;
			files = (
				426A372096BA95BBD1CDE291 /* NeProtoCore in Frameworks */,
				95A6A11B29BBFEBF4D19D92C /* NP2Mobile.xcframework in Frameworks */,
			);
			runOnlyForDeploymentPostprocessing = 0;
		};
		8B7B0841CA3D43EBD7058960 /* Frameworks */ = {
			isa = PBXFrameworksBuildPhase;
			buildActionMask = 2147483647;
			files = (
				34ED2D9264A9484E2CD750EE /* FlutterGeneratedPluginSwiftPackage in Frameworks */,
			);
			runOnlyForDeploymentPostprocessing = 0;
		};
/* End PBXFrameworksBuildPhase section */

/* Begin PBXGroup section */
		05D9A16B876157F93400D0B8 /* Products */ = {
			isa = PBXGroup;
			children = (
				B23BA63841646E33730FF37C /* PacketTunnel.appex */,
				B2E448C1951CDAF54DC87758 /* Runner.app */,
				48E2AFFE9BFB207202AD0539 /* RunnerTests.xctest */,
			);
			name = Products;
			sourceTree = "<group>";
		};
		06804B7F4284E532A50A67CA /* Frameworks */ = {
			isa = PBXGroup;
			children = (
				8F7BA39DC088D4A75F1BCCBD /* NP2Mobile.xcframework */,
			);
			name = Frameworks;
			sourceTree = "<group>";
		};
		0F581CC3412D2F2F02AF1463 /* Runner */ = {
			isa = PBXGroup;
			children = (
				9A421681FD4BE14DDF968D0D /* AppDelegate.swift */,
				510043DBEC3442DBC23147B8 /* Assets.xcassets */,
				DCDD2D76CA41D41D9DE02D8F /* GeneratedPluginRegistrant.h */,
				7199BA0A3419051F7E68B01E /* GeneratedPluginRegistrant.m */,
				610ACADC6746B84139F5257E /* Runner-Bridging-Header.h */,
				2369EE1B891E190DF2D26271 /* SceneDelegate.swift */,
				F62DC64DD9F280581E7BEEC2 /* LaunchScreen.storyboard */,
				AE2A21C9C9BF6449C319D76B /* Main.storyboard */,
			);
			path = Runner;
			sourceTree = "<group>";
		};
		255F1CC48DAF4C9EEF8C9938 /* RunnerTests */ = {
			isa = PBXGroup;
			children = (
				C129A9FB18F81555600E71B3 /* RunnerTests.swift */,
			);
			path = RunnerTests;
			sourceTree = "<group>";
		};
		813DA9EE07BC3B30725BF5B2 = {
			isa = PBXGroup;
			children = (
				F107FD69CE5AF121C238B950 /* Flutter */,
				D24BDC53CB30666783BAD501 /* Packages */,
				A3885A4589BEC731B6F13731 /* PacketTunnel */,
				0F581CC3412D2F2F02AF1463 /* Runner */,
				255F1CC48DAF4C9EEF8C9938 /* RunnerTests */,
				06804B7F4284E532A50A67CA /* Frameworks */,
				05D9A16B876157F93400D0B8 /* Products */,
			);
			sourceTree = "<group>";
		};
		A3885A4589BEC731B6F13731 /* PacketTunnel */ = {
			isa = PBXGroup;
			children = (
				49229E6A63151FB52FFBFA35 /* CTunnelFD.c */,
				407F1634FA1A2D9CF3801182 /* CTunnelFD.h */,
				9474786E31B24097AFCAAC37 /* PacketTunnel-Bridging-Header.h */,
				E5CA15DC7DC4041E8868AF99 /* PacketTunnelProvider.swift */,
			);
			path = PacketTunnel;
			sourceTree = "<group>";
		};
		D24BDC53CB30666783BAD501 /* Packages */ = {
			isa = PBXGroup;
			children = (
				CCADD925936878B8A72937D8 /* Core */,
				2AB6409524E3A2151BAF45CC /* FlutterGeneratedPluginSwiftPackage */,
			);
			name = Packages;
			sourceTree = "<group>";
		};
		F107FD69CE5AF121C238B950 /* Flutter */ = {
			isa = PBXGroup;
			children = (
				694BB823ADF1C3067C48A654 /* Debug.xcconfig */,
				1BA5CF54A368DD151691BD9F /* Release.xcconfig */,
			);
			path = Flutter;
			sourceTree = "<group>";
		};
/* End PBXGroup section */

/* Begin PBXNativeTarget section */
		0CE8B55E2312A581679889BF /* Runner */ = {
			isa = PBXNativeTarget;
			buildConfigurationList = 1C8B6CAA696D8F432715C5A8 /* Build configuration list for PBXNativeTarget "Runner" */;
			buildPhases = (
				CAB78D03B2D69E02F565DA93 /* Flutter Build */,
				D735B3CFE9B0688D9736E917 /* Sources */,
				AF3954250A8A50E99B88AFA5 /* Resources */,
				8B7B0841CA3D43EBD7058960 /* Frameworks */,
				889DE6F8664908D135C720D4 /* Embed Foundation Extensions */,
				C9B7EE54209BF6CB34D93307 /* Flutter Embed and Thin */,
			);
			buildRules = (
			);
			dependencies = (
				8C3C4E848D7D74ED10AA8E60 /* PBXTargetDependency */,
			);
			name = Runner;
			packageProductDependencies = (
				33360E3DA169C87B0E69EF71 /* FlutterGeneratedPluginSwiftPackage */,
			);
			productName = Runner;
			productReference = B2E448C1951CDAF54DC87758 /* Runner.app */;
			productType = "com.apple.product-type.application";
		};
		95160D25C558F5061832C8D3 /* PacketTunnel */ = {
			isa = PBXNativeTarget;
			buildConfigurationList = 74BD1449FB047DF8EBBF2435 /* Build configuration list for PBXNativeTarget "PacketTunnel" */;
			buildPhases = (
				53128EC1F5DEE77CE8539FC3 /* Sources */,
				81BE86B1B95CA5C5ADF110CC /* Frameworks */,
			);
			buildRules = (
			);
			dependencies = (
			);
			name = PacketTunnel;
			packageProductDependencies = (
				C9DB00FF0775379F0B5BCEC5 /* NeProtoCore */,
			);
			productName = PacketTunnel;
			productReference = B23BA63841646E33730FF37C /* PacketTunnel.appex */;
			productType = "com.apple.product-type.app-extension";
		};
		ABAFB01E7FEA9C1DB0CE46CE /* RunnerTests */ = {
			isa = PBXNativeTarget;
			buildConfigurationList = E4B487D78CD299B2286DE782 /* Build configuration list for PBXNativeTarget "RunnerTests" */;
			buildPhases = (
				ACA1F3DE67878150D3C72EC1 /* Sources */,
			);
			buildRules = (
			);
			dependencies = (
				A1BDCC358D5033CC24618A73 /* PBXTargetDependency */,
			);
			name = RunnerTests;
			packageProductDependencies = (
			);
			productName = RunnerTests;
			productReference = 48E2AFFE9BFB207202AD0539 /* RunnerTests.xctest */;
			productType = "com.apple.product-type.bundle.unit-test";
		};
/* End PBXNativeTarget section */

/* Begin PBXProject section */
		5FC4EA95F23E6A8CF0BD7276 /* Project object */ = {
			isa = PBXProject;
			attributes = {
				BuildIndependentTargetsInParallel = YES;
				LastUpgradeCheck = 1510;
				TargetAttributes = {
					0CE8B55E2312A581679889BF = {
						DevelopmentTeam = Q97V3ZHHFH;
						ProvisioningStyle = Automatic;
					};
					95160D25C558F5061832C8D3 = {
						DevelopmentTeam = Q97V3ZHHFH;
						ProvisioningStyle = Automatic;
					};
					ABAFB01E7FEA9C1DB0CE46CE = {
						DevelopmentTeam = Q97V3ZHHFH;
						ProvisioningStyle = Automatic;
					};
				};
			};
			buildConfigurationList = 987220A47DC5D93D17710971 /* Build configuration list for PBXProject "Runner" */;
			developmentRegion = en;
			hasScannedForEncodings = 0;
			knownRegions = (
				Base,
				en,
			);
			mainGroup = 813DA9EE07BC3B30725BF5B2;
			minimizedProjectReferenceProxies = 1;
			packageReferences = (
				86C66846DD4DBE5E6408FEB9 /* XCLocalSwiftPackageReference "Flutter/ephemeral/Packages/FlutterGeneratedPluginSwiftPackage" */,
				21D947012EF55E38A299A56A /* XCLocalSwiftPackageReference "../../../ios/Core" */,
			);
			preferredProjectObjectVersion = 77;
			productRefGroup = 05D9A16B876157F93400D0B8 /* Products */;
			projectDirPath = "";
			projectRoot = "";
			targets = (
				95160D25C558F5061832C8D3 /* PacketTunnel */,
				0CE8B55E2312A581679889BF /* Runner */,
				ABAFB01E7FEA9C1DB0CE46CE /* RunnerTests */,
			);
		};
/* End PBXProject section */

/* Begin PBXResourcesBuildPhase section */
		AF3954250A8A50E99B88AFA5 /* Resources */ = {
			isa = PBXResourcesBuildPhase;
			buildActionMask = 2147483647;
			files = (
				DC18D6045664645A1F5E31C1 /* Assets.xcassets in Resources */,
				ED47C886E0D3B09F3FE9C6DB /* LaunchScreen.storyboard in Resources */,
				BD0EF32F2FE988183C908720 /* Main.storyboard in Resources */,
			);
			runOnlyForDeploymentPostprocessing = 0;
		};
/* End PBXResourcesBuildPhase section */

/* Begin PBXShellScriptBuildPhase section */
		C9B7EE54209BF6CB34D93307 /* Flutter Embed and Thin */ = {
			isa = PBXShellScriptBuildPhase;
			alwaysOutOfDate = 1;
			buildActionMask = 2147483647;
			files = (
			);
			inputFileListPaths = (
			);
			inputPaths = (
			);
			name = "Flutter Embed and Thin";
			outputFileListPaths = (
			);
			outputPaths = (
			);
			runOnlyForDeploymentPostprocessing = 0;
			shellPath = /bin/sh;
			shellScript = "/bin/sh \"$FLUTTER_ROOT/packages/flutter_tools/bin/xcode_backend.sh\" embed_and_thin";
		};
		CAB78D03B2D69E02F565DA93 /* Flutter Build */ = {
			isa = PBXShellScriptBuildPhase;
			alwaysOutOfDate = 1;
			buildActionMask = 2147483647;
			files = (
			);
			inputFileListPaths = (
			);
			inputPaths = (
			);
			name = "Flutter Build";
			outputFileListPaths = (
			);
			outputPaths = (
			);
			runOnlyForDeploymentPostprocessing = 0;
			shellPath = /bin/sh;
			shellScript = "/bin/sh \"$FLUTTER_ROOT/packages/flutter_tools/bin/xcode_backend.sh\" build";
		};
/* End PBXShellScriptBuildPhase section */

/* Begin PBXSourcesBuildPhase section */
		53128EC1F5DEE77CE8539FC3 /* Sources */ = {
			isa = PBXSourcesBuildPhase;
			buildActionMask = 2147483647;
			files = (
				465D87462704A5A561F469BC /* CTunnelFD.c in Sources */,
				E6010F4FDEA806E580315FD4 /* PacketTunnelProvider.swift in Sources */,
			);
			runOnlyForDeploymentPostprocessing = 0;
		};
		ACA1F3DE67878150D3C72EC1 /* Sources */ = {
			isa = PBXSourcesBuildPhase;
			buildActionMask = 2147483647;
			files = (
				007F31BFDCE8A3EB5FFA7D02 /* RunnerTests.swift in Sources */,
			);
			runOnlyForDeploymentPostprocessing = 0;
		};
		D735B3CFE9B0688D9736E917 /* Sources */ = {
			isa = PBXSourcesBuildPhase;
			buildActionMask = 2147483647;
			files = (
				C1339C2588354BDC8EBCD812 /* AppDelegate.swift in Sources */,
				A27A64FA676461FA515E6F61 /* GeneratedPluginRegistrant.m in Sources */,
				5D4F83BF151F548ED942EB42 /* SceneDelegate.swift in Sources */,
			);
			runOnlyForDeploymentPostprocessing = 0;
		};
/* End PBXSourcesBuildPhase section */

/* Begin PBXTargetDependency section */
		8C3C4E848D7D74ED10AA8E60 /* PBXTargetDependency */ = {
			isa = PBXTargetDependency;
			target = 95160D25C558F5061832C8D3 /* PacketTunnel */;
			targetProxy = 9BC9307280C0DE8C9F23E611 /* PBXContainerItemProxy */;
		};
		A1BDCC358D5033CC24618A73 /* PBXTargetDependency */ = {
			isa = PBXTargetDependency;
			target = 0CE8B55E2312A581679889BF /* Runner */;
			targetProxy = 979A20949DB7465AFE66261A /* PBXContainerItemProxy */;
		};
/* End PBXTargetDependency section */

/* Begin PBXVariantGroup section */
		AE2A21C9C9BF6449C319D76B /* Main.storyboard */ = {
			isa = PBXVariantGroup;
			children = (
				8675EB0B800687D68D206C6C /* Base */,
			);
			name = Main.storyboard;
			sourceTree = "<group>";
		};
		F62DC64DD9F280581E7BEEC2 /* LaunchScreen.storyboard */ = {
			isa = PBXVariantGroup;
			children = (
				11B240A653CCF4590B0EA9CC /* Base */,
			);
			name = LaunchScreen.storyboard;
			sourceTree = "<group>";
		};
/* End PBXVariantGroup section */

/* Begin XCBuildConfiguration section */
		128D4961A4EEAA0944B16058 /* Debug */ = {
			isa = XCBuildConfiguration;
			buildSettings = {
				BUNDLE_LOADER = "$(TEST_HOST)";
				GENERATE_INFOPLIST_FILE = YES;
				PRODUCT_BUNDLE_IDENTIFIER = com.neproto.ios.RunnerTests;
				TEST_HOST = "$(BUILT_PRODUCTS_DIR)/NeProto.app/$(BUNDLE_EXECUTABLE_FOLDER_PATH)/NeProto";
			};
			name = Debug;
		};
		29805E1DF6B7920DC260EAF9 /* Debug */ = {
			isa = XCBuildConfiguration;
			baseConfigurationReference = 694BB823ADF1C3067C48A654 /* Debug.xcconfig */;
			buildSettings = {
				ASSETCATALOG_COMPILER_APPICON_NAME = AppIcon;
				CODE_SIGN_ENTITLEMENTS = Runner/Runner.entitlements;
				INFOPLIST_FILE = Runner/Info.plist;
				LD_RUNPATH_SEARCH_PATHS = "$(inherited) @executable_path/Frameworks";
				PRODUCT_BUNDLE_IDENTIFIER = com.neproto.ios;
				PRODUCT_NAME = NeProto;
				SUPPORTS_MACCATALYST = NO;
				SWIFT_OBJC_BRIDGING_HEADER = "Runner/Runner-Bridging-Header.h";
				TARGETED_DEVICE_FAMILY = 1;
			};
			name = Debug;
		};
		31C4A8FF22EDF5AFE4DAAF3D /* Release */ = {
			isa = XCBuildConfiguration;
			buildSettings = {
				APPLICATION_EXTENSION_API_ONLY = YES;
				CODE_SIGN_ENTITLEMENTS = PacketTunnel/PacketTunnel.entitlements;
				FRAMEWORK_SEARCH_PATHS = (
					"$(inherited)",
					"\"Frameworks\"",
				);
				INFOPLIST_FILE = PacketTunnel/Info.plist;
				OTHER_LDFLAGS = "$(inherited) -ObjC";
				PRODUCT_BUNDLE_IDENTIFIER = com.neproto.ios.PacketTunnel;
				PRODUCT_NAME = PacketTunnel;
				SKIP_INSTALL = YES;
				SWIFT_OBJC_BRIDGING_HEADER = "PacketTunnel/PacketTunnel-Bridging-Header.h";
			};
			name = Release;
		};
		59902B3437269D7EDB4D0AFA /* Release */ = {
			isa = XCBuildConfiguration;
			buildSettings = {
				CLANG_ENABLE_MODULES = YES;
				CODE_SIGN_STYLE = Automatic;
				CURRENT_PROJECT_VERSION = 22;
				DEVELOPMENT_TEAM = Q97V3ZHHFH;
				ENABLE_USER_SCRIPT_SANDBOXING = NO;
				IPHONEOS_DEPLOYMENT_TARGET = 16.0;
				MARKETING_VERSION = 0.5.22;
				SDKROOT = iphoneos;
				SWIFT_STRICT_CONCURRENCY = targeted;
				SWIFT_VERSION = 5.0;
			};
			name = Release;
		};
		5D7A1B64955A53055FA7173A /* Release */ = {
			isa = XCBuildConfiguration;
			buildSettings = {
				BUNDLE_LOADER = "$(TEST_HOST)";
				GENERATE_INFOPLIST_FILE = YES;
				PRODUCT_BUNDLE_IDENTIFIER = com.neproto.ios.RunnerTests;
				TEST_HOST = "$(BUILT_PRODUCTS_DIR)/NeProto.app/$(BUNDLE_EXECUTABLE_FOLDER_PATH)/NeProto";
			};
			name = Release;
		};
		6D19B738415D34FC0679F96D /* Profile */ = {
			isa = XCBuildConfiguration;
			buildSettings = {
				BUNDLE_LOADER = "$(TEST_HOST)";
				GENERATE_INFOPLIST_FILE = YES;
				PRODUCT_BUNDLE_IDENTIFIER = com.neproto.ios.RunnerTests;
				TEST_HOST = "$(BUILT_PRODUCTS_DIR)/NeProto.app/$(BUNDLE_EXECUTABLE_FOLDER_PATH)/NeProto";
			};
			name = Profile;
		};
		7CF6CFF957D9345E14BFCBE0 /* Debug */ = {
			isa = XCBuildConfiguration;
			buildSettings = {
				CLANG_ENABLE_MODULES = YES;
				CODE_SIGN_STYLE = Automatic;
				CURRENT_PROJECT_VERSION = 22;
				DEVELOPMENT_TEAM = Q97V3ZHHFH;
				ENABLE_USER_SCRIPT_SANDBOXING = NO;
				IPHONEOS_DEPLOYMENT_TARGET = 16.0;
				MARKETING_VERSION = 0.5.22;
				SDKROOT = iphoneos;
				SWIFT_STRICT_CONCURRENCY = targeted;
				SWIFT_VERSION = 5.0;
			};
			name = Debug;
		};
		9180A974B955F73BA3933E22 /* Profile */ = {
			isa = XCBuildConfiguration;
			buildSettings = {
				APPLICATION_EXTENSION_API_ONLY = YES;
				CODE_SIGN_ENTITLEMENTS = PacketTunnel/PacketTunnel.entitlements;
				FRAMEWORK_SEARCH_PATHS = (
					"$(inherited)",
					"\"Frameworks\"",
				);
				INFOPLIST_FILE = PacketTunnel/Info.plist;
				OTHER_LDFLAGS = "$(inherited) -ObjC";
				PRODUCT_BUNDLE_IDENTIFIER = com.neproto.ios.PacketTunnel;
				PRODUCT_NAME = PacketTunnel;
				SKIP_INSTALL = YES;
				SWIFT_OBJC_BRIDGING_HEADER = "PacketTunnel/PacketTunnel-Bridging-Header.h";
			};
			name = Profile;
		};
		93A13379DF3DB9A5CEAB6B1D /* Debug */ = {
			isa = XCBuildConfiguration;
			buildSettings = {
				APPLICATION_EXTENSION_API_ONLY = YES;
				CODE_SIGN_ENTITLEMENTS = PacketTunnel/PacketTunnel.entitlements;
				FRAMEWORK_SEARCH_PATHS = (
					"$(inherited)",
					"\"Frameworks\"",
				);
				INFOPLIST_FILE = PacketTunnel/Info.plist;
				OTHER_LDFLAGS = "$(inherited) -ObjC";
				PRODUCT_BUNDLE_IDENTIFIER = com.neproto.ios.PacketTunnel;
				PRODUCT_NAME = PacketTunnel;
				SKIP_INSTALL = YES;
				SWIFT_OBJC_BRIDGING_HEADER = "PacketTunnel/PacketTunnel-Bridging-Header.h";
			};
			name = Debug;
		};
		99ACB5790A68BE0B2AD5F03D /* Profile */ = {
			isa = XCBuildConfiguration;
			buildSettings = {
				CLANG_ENABLE_MODULES = YES;
				CODE_SIGN_STYLE = Automatic;
				CURRENT_PROJECT_VERSION = 22;
				DEVELOPMENT_TEAM = Q97V3ZHHFH;
				ENABLE_USER_SCRIPT_SANDBOXING = NO;
				IPHONEOS_DEPLOYMENT_TARGET = 16.0;
				MARKETING_VERSION = 0.5.22;
				SDKROOT = iphoneos;
				SWIFT_STRICT_CONCURRENCY = targeted;
				SWIFT_VERSION = 5.0;
			};
			name = Profile;
		};
		A6D2F591E0A6A012D3F00F11 /* Release */ = {
			isa = XCBuildConfiguration;
			baseConfigurationReference = 1BA5CF54A368DD151691BD9F /* Release.xcconfig */;
			buildSettings = {
				ASSETCATALOG_COMPILER_APPICON_NAME = AppIcon;
				CODE_SIGN_ENTITLEMENTS = Runner/Runner.entitlements;
				INFOPLIST_FILE = Runner/Info.plist;
				LD_RUNPATH_SEARCH_PATHS = "$(inherited) @executable_path/Frameworks";
				PRODUCT_BUNDLE_IDENTIFIER = com.neproto.ios;
				PRODUCT_NAME = NeProto;
				SUPPORTS_MACCATALYST = NO;
				SWIFT_OBJC_BRIDGING_HEADER = "Runner/Runner-Bridging-Header.h";
				TARGETED_DEVICE_FAMILY = 1;
			};
			name = Release;
		};
		C51692B8B342770422198EF0 /* Profile */ = {
			isa = XCBuildConfiguration;
			baseConfigurationReference = 1BA5CF54A368DD151691BD9F /* Release.xcconfig */;
			buildSettings = {
				ASSETCATALOG_COMPILER_APPICON_NAME = AppIcon;
				CODE_SIGN_ENTITLEMENTS = Runner/Runner.entitlements;
				INFOPLIST_FILE = Runner/Info.plist;
				LD_RUNPATH_SEARCH_PATHS = "$(inherited) @executable_path/Frameworks";
				PRODUCT_BUNDLE_IDENTIFIER = com.neproto.ios;
				PRODUCT_NAME = NeProto;
				SUPPORTS_MACCATALYST = NO;
				SWIFT_OBJC_BRIDGING_HEADER = "Runner/Runner-Bridging-Header.h";
				TARGETED_DEVICE_FAMILY = 1;
			};
			name = Profile;
		};
/* End XCBuildConfiguration section */

/* Begin XCConfigurationList section */
		1C8B6CAA696D8F432715C5A8 /* Build configuration list for PBXNativeTarget "Runner" */ = {
			isa = XCConfigurationList;
			buildConfigurations = (
				29805E1DF6B7920DC260EAF9 /* Debug */,
				C51692B8B342770422198EF0 /* Profile */,
				A6D2F591E0A6A012D3F00F11 /* Release */,
			);
			defaultConfigurationIsVisible = 0;
			defaultConfigurationName = Debug;
		};
		74BD1449FB047DF8EBBF2435 /* Build configuration list for PBXNativeTarget "PacketTunnel" */ = {
			isa = XCConfigurationList;
			buildConfigurations = (
				93A13379DF3DB9A5CEAB6B1D /* Debug */,
				9180A974B955F73BA3933E22 /* Profile */,
				31C4A8FF22EDF5AFE4DAAF3D /* Release */,
			);
			defaultConfigurationIsVisible = 0;
			defaultConfigurationName = Debug;
		};
		987220A47DC5D93D17710971 /* Build configuration list for PBXProject "Runner" */ = {
			isa = XCConfigurationList;
			buildConfigurations = (
				7CF6CFF957D9345E14BFCBE0 /* Debug */,
				99ACB5790A68BE0B2AD5F03D /* Profile */,
				59902B3437269D7EDB4D0AFA /* Release */,
			);
			defaultConfigurationIsVisible = 0;
			defaultConfigurationName = Debug;
		};
		E4B487D78CD299B2286DE782 /* Build configuration list for PBXNativeTarget "RunnerTests" */ = {
			isa = XCConfigurationList;
			buildConfigurations = (
				128D4961A4EEAA0944B16058 /* Debug */,
				6D19B738415D34FC0679F96D /* Profile */,
				5D7A1B64955A53055FA7173A /* Release */,
			);
			defaultConfigurationIsVisible = 0;
			defaultConfigurationName = Debug;
		};
/* End XCConfigurationList section */

/* Begin XCLocalSwiftPackageReference section */
		21D947012EF55E38A299A56A /* XCLocalSwiftPackageReference "../../../ios/Core" */ = {
			isa = XCLocalSwiftPackageReference;
			relativePath = ../../../ios/Core;
		};
		86C66846DD4DBE5E6408FEB9 /* XCLocalSwiftPackageReference "Flutter/ephemeral/Packages/FlutterGeneratedPluginSwiftPackage" */ = {
			isa = XCLocalSwiftPackageReference;
			relativePath = Flutter/ephemeral/Packages/FlutterGeneratedPluginSwiftPackage;
		};
/* End XCLocalSwiftPackageReference section */

/* Begin XCSwiftPackageProductDependency section */
		33360E3DA169C87B0E69EF71 /* FlutterGeneratedPluginSwiftPackage */ = {
			isa = XCSwiftPackageProductDependency;
			productName = FlutterGeneratedPluginSwiftPackage;
		};
		C9DB00FF0775379F0B5BCEC5 /* NeProtoCore */ = {
			isa = XCSwiftPackageProductDependency;
			productName = NeProtoCore;
		};
/* End XCSwiftPackageProductDependency section */
	};
	rootObject = 5FC4EA95F23E6A8CF0BD7276 /* Project object */;
}
